// !$*UTF8*$!
{
	archiveVersion = 1;
	classes = {
	};
	objectVersion = 55;
	objects = {

/* Begin PBXBuildFile section */
		0D3DA3722935F84600BDFD95 /* DataManager.swift in Sources */ = {isa = PBXBuildFile; fileRef = 0D3DA3712935F84600BDFD95 /* DataManager.swift */; };
		0D6CA4672923A31A00B4DDF1 /* AppDelegate.swift in Sources */ = {isa = PBXBuildFile; fileRef = 0D6CA4662923A31A00B4DDF1 /* AppDelegate.swift */; };
		0D6CA4692923A31A00B4DDF1 /* SceneDelegate.swift in Sources */ = {isa = PBXBuildFile; fileRef = 0D6CA4682923A31A00B4DDF1 /* SceneDelegate.swift */; };
		0D6CA46B2923A31A00B4DDF1 /* ViewController.swift in Sources */ = {isa = PBXBuildFile; fileRef = 0D6CA46A2923A31A00B4DDF1 /* ViewController.swift */; };
		0D6CA46E2923A31A00B4DDF1 /* Main.storyboard in Resources */ = {isa = PBXBuildFile; fileRef = 0D6CA46C2923A31A00B4DDF1 /* Main.storyboard */; };
		0D6CA4702923A31B00B4DDF1 /* Assets.xcassets in Resources */ = {isa = PBXBuildFile; fileRef = 0D6CA46F2923A31B00B4DDF1 /* Assets.xcassets */; };
		0D6CA4732923A31B00B4DDF1 /* LaunchScreen.storyboard in Resources */ = {isa = PBXBuildFile; fileRef = 0D6CA4712923A31B00B4DDF1 /* LaunchScreen.storyboard */; };
		0D6CA47B2923A3E300B4DDF1 /* amigo.swift in Sources */ = {isa = PBXBuildFile; fileRef = 0D6CA47A2923A3E300B4DDF1 /* amigo.swift */; };
		0D6CA47D2923A40500B4DDF1 /* AmigoCell.swift in Sources */ = {isa = PBXBuildFile; fileRef = 0D6CA47C2923A40500B4DDF1 /* AmigoCell.swift */; };
		0D6CA47F2923A97300B4DDF1 /* anadirAmigos.swift in Sources */ = {isa = PBXBuildFile; fileRef = 0D6CA47E2923A97300B4DDF1 /* anadirAmigos.swift */; };
/* End PBXBuildFile section */

/* Begin PBXFileReference section */
		0D3DA3712935F84600BDFD95 /* DataManager.swift */ = {isa = PBXFileReference; lastKnownFileType = sourcecode.swift; path = DataManager.swift; sourceTree = "<group>"; };
		0D6CA4632923A31A00B4DDF1 /* ejercicio12.1.app */ = {isa = PBXFileReference; explicitFileType = wrapper.application; includeInIndex = 0; path = ejercicio12.1.app; sourceTree = BUILT_PRODUCTS_DIR; };
		0D6CA4662923A31A00B4DDF1 /* AppDelegate.swift */ = {isa = PBXFileReference; lastKnownFileType = sourcecode.swift; path = AppDelegate.swift; sourceTree = "<group>"; };
		0D6CA4682923A31A00B4DDF1 /* SceneDelegate.swift */ = {isa = PBXFileReference; lastKnownFileType = sourcecode.swift; path = SceneDelegate.swift; sourceTree = "<group>"; };
		0D6CA46A2923A31A00B4DDF1 /* ViewController.swift */ = {isa = PBXFileReference; lastKnownFileType = sourcecode.swift; path = ViewController.swift; sourceTree = "<group>"; };
		0D6CA46D2923A31A00B4DDF1 /* Base */ = {isa = PBXFileReference; lastKnownFileType = file.storyboard; name = Base; path = Base.lproj/Main.storyboard; sourceTree = "<group>"; };
		0D6CA46F2923A31B00B4DDF1 /* Assets.xcassets */ = {isa = PBXFileReference; lastKnownFileType = folder.assetcatalog; path = Assets.xcassets; sourceTree = "<group>"; };
		0D6CA4722923A31B00B4DDF1 /* Base */ = {isa = PBXFileReference; lastKnownFileType = file.storyboard; name = Base; path = Base.lproj/LaunchScreen.storyboard; sourceTree = "<group>"; };
		0D6CA4742923A31B00B4DDF1 /* Info.plist */ = {isa = PBXFileReference; lastKnownFileType = text.plist.xml; path = Info.plist; sourceTree = "<group>"; };
		0D6CA47A2923A3E300B4DDF1 /* amigo.swift */ = {isa = PBXFileReference; lastKnownFileType = sourcecode.swift; path = amigo.swift; sourceTree = "<group>"; };
		0D6CA47C2923A40500B4DDF1 /* AmigoCell.swift */ = {isa = PBXFileReference; lastKnownFileType = sourcecode.swift; path = AmigoCell.swift; sourceTree = "<group>"; };
		0D6CA47E2923A97300B4DDF1 /* anadirAmigos.swift */ = {isa = PBXFileReference; lastKnownFileType = sourcecode.swift; path = anadirAmigos.swift; sourceTree = "<group>"; };
/* End PBXFileReference section */

/* Begin PBXFrameworksBuildPhase section */
		0D6CA4602923A31A00B4DDF1 /* Frameworks */ = {
			isa = PBXFrameworksBuildPhase;
			buildActionMask = 2147483647;
			files = (
			);
			runOnlyForDeploymentPostprocessing = 0;
		};
/* End PBXFrameworksBuildPhase section */

/* Begin PBXGroup section */
		0D6CA45A2923A31A00B4DDF1 = {
			isa = PBXGroup;
			children = (
				0D6CA4652923A31A00B4DDF1 /* ejercicio12.1 */,
				0D6CA4642923A31A00B4DDF1 /* Products */,
			);
			sourceTree = "<group>";
		};
		0D6CA4642923A31A00B4DDF1 /* Products */ = {
			isa = PBXGroup;
			children = (
				0D6CA4632923A31A00B4DDF1 /* ejercicio12.1.app */,
			);
			name = Products;
			sourceTree = "<group>";
		};
		0D6CA4652923A31A00B4DDF1 /* ejercicio12.1 */ = {
			isa = PBXGroup;
			children = (
				0D6CA4662923A31A00B4DDF1 /* AppDelegate.swift */,
				0D6CA4682923A31A00B4DDF1 /* SceneDelegate.swift */,
				0D6CA46A2923A31A00B4DDF1 /* ViewController.swift */,
				0D6CA46C2923A31A00B4DDF1 /* Main.storyboard */,
				0D6CA46F2923A31B00B4DDF1 /* Assets.xcassets */,
				0D6CA4712923A31B00B4DDF1 /* LaunchScreen.storyboard */,
				0D6CA4742923A31B00B4DDF1 /* Info.plist */,
				0D6CA47A2923A3E300B4DDF1 /* amigo.swift */,
				0D6CA47C2923A40500B4DDF1 /* AmigoCell.swift */,
				0D6CA47E2923A97300B4DDF1 /* anadirAmigos.swift */,
				0D3DA3712935F84600BDFD95 /* DataManager.swift */,
			);
			path = ejercicio12.1;
			sourceTree = "<group>";
		};
/* End PBXGroup section */

/* Begin PBXNativeTarget section */
		0D6CA4622923A31A00B4DDF1 /* ejercicio12.1 */ = {
			isa = PBXNativeTarget;
			buildConfigurationList = 0D6CA4772923A31B00B4DDF1 /* Build configuration list for PBXNativeTarget "ejercicio12.1" */;
			buildPhases = (
				0D6CA45F2923A31A00B4DDF1 /* Sources */,
				0D6CA4602923A31A00B4DDF1 /* Frameworks */,
				0D6CA4612923A31A00B4DDF1 /* Resources */,
			);
			buildRules = (
			);
			dependencies = (
			);
			name = ejercicio12.1;
			productName = ejercicio12.1;
			productReference = 0D6CA4632923A31A00B4DDF1 /* ejercicio12.1.app */;
			productType = "com.apple.product-type.application";
		};
/* End PBXNativeTarget section */

/* Begin PBXProject section */
		0D6CA45B2923A31A00B4DDF1 /* Project object */ = {
			isa = PBXProject;
			attributes = {
				BuildIndependentTargetsInParallel = 1;
				LastSwiftUpdateCheck = 1340;
				LastUpgradeCheck = 1340;
				TargetAttributes = {
					0D6CA4622923A31A00B4DDF1 = {
						CreatedOnToolsVersion = 13.4.1;
					};
				};
			};
			buildConfigurationList = 0D6CA45E2923A31A00B4DDF1 /* Build configuration list for PBXProject "ejercicio12.1" */;
			compatibilityVersion = "Xcode 13.0";
			developmentRegion = en;
			hasScannedForEncodings = 0;
			knownRegions = (
				en,
				Base,
			);
			mainGroup = 0D6CA45A2923A31A00B4DDF1;
			productRefGroup = 0D6CA4642923A31A00B4DDF1 /* Products */;
			projectDirPath = "";
			projectRoot = "";
			targets = (
				0D6CA4622923A31A00B4DDF1 /* ejercicio12.1 */,
			);
		};
/* End PBXProject section */

/* Begin PBXResourcesBuildPhase section */
		0D6CA4612923A31A00B4DDF1 /* Resources */ = {
			isa = PBXResourcesBuildPhase;
			buildActionMask = 2147483647;
			files = (
				0D6CA4732923A31B00B4DDF1 /* LaunchScreen.storyboard in Resources */,
				0D6CA4702923A31B00B4DDF1 /* Assets.xcassets in Resources */,
				0D6CA46E2923A31A00B4DDF1 /* Main.storyboard in Resources */,
			);
			runOnlyForDeploymentPostprocessing = 0;
		};
/* End PBXResourcesBuildPhase section */

/* Begin PBXSourcesBuildPhase section */
		0D6CA45F2923A31A00B4DDF1 /* Sources */ = {
			isa = PBXSourcesBuildPhase;
			buildActionMask = 2147483647;
			files = (
				0D6CA47D2923A40500B4DDF1 /* AmigoCell.swift in Sources */,
				0D6CA46B2923A31A00B4DDF1 /* ViewController.swift in Sources */,
				0D6CA47F2923A97300B4DDF1 /* anadirAmigos.swift in Sources */,
				0D3DA3722935F84600BDFD95 /* DataManager.swift in Sources */,
				0D6CA4672923A31A00B4DDF1 /* AppDelegate.swift in Sources */,
				0D6CA4692923A31A00B4DDF1 /* SceneDelegate.swift in Sources */,
				0D6CA47B2923A3E300B4DDF1 /* amigo.swift in Sources */,
			);
			runOnlyForDeploymentPostprocessing = 0;
		};
/* End PBXSourcesBuildPhase section */

/* Begin PBXVariantGroup section */
		0D6CA46C2923A31A00B4DDF1 /* Main.storyboard */ = {
			isa = PBXVariantGroup;
			children = (
				0D6CA46D2923A31A00B4DDF1 /* Base */,
			);
			name = Main.storyboard;
			sourceTree = "<group>";
		};
		0D6CA4712923A31B00B4DDF1 /* LaunchScreen.storyboard */ = {
			isa = PBXVariantGroup;
			children = (
				0D6CA4722923A31B00B4DDF1 /* Base */,
			);
			name = LaunchScreen.storyboard;
			sourceTree = "<group>";
		};
/* End PBXVariantGroup section */

/* Begin XCBuildConfiguration section */
		0D6CA4752923A31B00B4DDF1 /* Debug */ = {
			isa = XCBuildConfiguration;
			buildSettings = {
				ALWAYS_SEARCH_USER_PATHS = NO;
				CLANG_ANALYZER_NONNULL = YES;
				CLANG_ANALYZER_NUMBER_OBJECT_CONVERSION = YES_AGGRESSIVE;
				CLANG_CXX_LANGUAGE_STANDARD = "gnu++17";
				CLANG_ENABLE_MODULES = YES;
				CLANG_ENABLE_OBJC_ARC = YES;
				CLANG_ENABLE_OBJC_WEAK = YES;
				CLANG_WARN_BLOCK_CAPTURE_AUTORELEASING = YES;
				CLANG_WARN_BOOL_CONVERSION = YES;
				CLANG_WARN_COMMA = YES;
				CLANG_WARN_CONSTANT_CONVERSION = YES;
				CLANG_WARN_DEPRECATED_OBJC_IMPLEMENTATIONS = YES;
				CLANG_WARN_DIRECT_OBJC_ISA_USAGE = YES_ERROR;
				CLANG_WARN_DOCUMENTATION_COMMENTS = YES;
				CLANG_WARN_EMPTY_BODY = YES;
				CLANG_WARN_ENUM_CONVERSION = YES;
				CLANG_WARN_INFINITE_RECURSION = YES;
				CLANG_WARN_INT_CONVERSION = YES;
				CLANG_WARN_NON_LITERAL_NULL_CONVERSION = YES;
				CLANG_WARN_OBJC_IMPLICIT_RETAIN_SELF = YES;
				CLANG_WARN_OBJC_LITERAL_CONVERSION = YES;
				CLANG_WARN_OBJC_ROOT_CLASS = YES_ERROR;
				CLANG_WARN_QUOTED_INCLUDE_IN_FRAMEWORK_HEADER = YES;
				CLANG_WARN_RANGE_LOOP_ANALYSIS = YES;
				CLANG_WARN_STRICT_PROTOTYPES = YES;
				CLANG_WARN_SUSPICIOUS_MOVE = YES;
				CLANG_WARN_UNGUARDED_AVAILABILITY = YES_AGGRESSIVE;
				CLANG_WARN_UNREACHABLE_CODE = YES;
				CLANG_WARN__DUPLICATE_METHOD_MATCH = YES;
				COPY_PHASE_STRIP = NO;
				DEBUG_INFORMATION_FORMAT = dwarf;
				ENABLE_STRICT_OBJC_MSGSEND = YES;
				ENABLE_TESTABILITY = YES;
				GCC_C_LANGUAGE_STANDARD = gnu11;
				GCC_DYNAMIC_NO_PIC = NO;
				GCC_NO_COMMON_BLOCKS = YES;
				GCC_OPTIMIZATION_LEVEL = 0;
				GCC_PREPROCESSOR_DEFINITIONS = (
					"DEBUG=1",
					"$(inherited)",
				);
				GCC_WARN_64_TO_32_BIT_CONVERSION = YES;
				GCC_WARN_ABOUT_RETURN_TYPE = YES_ERROR;
				GCC_WARN_UNDECLARED_SELECTOR = YES;
				GCC_WARN_UNINITIALIZED_AUTOS = YES_AGGRESSIVE;
				GCC_WARN_UNUSED_FUNCTION = YES;
				GCC_WARN_UNUSED_VARIABLE = YES;
				IPHONEOS_DEPLOYMENT_TARGET = 15.5;
				MTL_ENABLE_DEBUG_INFO = INCLUDE_SOURCE;
				MTL_FAST_MATH = YES;
				ONLY_ACTIVE_ARCH = YES;
				SDKROOT = iphoneos;
				SWIFT_ACTIVE_COMPILATION_CONDITIONS = DEBUG;
				SWIFT_OPTIMIZATION_LEVEL = "-Onone";
			};
			name = Debug;
		};
		0D6CA4762923A31B00B4DDF1 /* Release */ = {
			isa = XCBuildConfiguration;
			buildSettings = {
				ALWAYS_SEARCH_USER_PATHS = NO;
				CLANG_ANALYZER_NONNULL = YES;
				CLANG_ANALYZER_NUMBER_OBJECT_CONVERSION = YES_AGGRESSIVE;
				CLANG_CXX_LANGUAGE_STANDARD = "gnu++17";
				CLANG_ENABLE_MODULES = YES;
				CLANG_ENABLE_OBJC_ARC = YES;
				CLANG_ENABLE_OBJC_WEAK = YES;
				CLANG_WARN_BLOCK_CAPTURE_AUTORELEASING = YES;
				CLANG_WARN_BOOL_CONVERSION = YES;
				CLANG_WARN_COMMA = YES;
				CLANG_WARN_CONSTANT_CONVERSION = YES;
				CLANG_WARN_DEPRECATED_OBJC_IMPLEMENTATIONS = YES;
				CLANG_WARN_DIRECT_OBJC_ISA_USAGE = YES_ERROR;
				CLANG_WARN_DOCUMENTATION_COMMENTS = YES;
				CLANG_WARN_EMPTY_BODY = YES;
				CLANG_WARN_ENUM_CONVERSION = YES;
				CLANG_WARN_INFINITE_RECURSION = YES;
				CLANG_WARN_INT_CONVERSION = YES;
				CLANG_WARN_NON_LITERAL_NULL_CONVERSION = YES;
				CLANG_WARN_OBJC_IMPLICIT_RETAIN_SELF = YES;
				CLANG_WARN_OBJC_LITERAL_CONVERSION = YES;
				CLANG_WARN_OBJC_ROOT_CLASS = YES_ERROR;
				CLANG_WARN_QUOTED_INCLUDE_IN_FRAMEWORK_HEADER = YES;
				CLANG_WARN_RANGE_LOOP_ANALYSIS = YES;
				CLANG_WARN_STRICT_PROTOTYPES = YES;
				CLANG_WARN_SUSPICIOUS_MOVE = YES;
				CLANG_WARN_UNGUARDED_AVAILABILITY = YES_AGGRESSIVE;
				CLANG_WARN_UNREACHABLE_CODE = YES;
				CLANG_WARN__DUPLICATE_METHOD_MATCH = YES;
				COPY_PHASE_STRIP = NO;
				DEBUG_INFORMATION_FORMAT = "dwarf-with-dsym";
				ENABLE_NS_ASSERTIONS = NO;
				ENABLE_STRICT_OBJC_MSGSEND = YES;
				GCC_C_LANGUAGE_STANDARD = gnu11;
				GCC_NO_COMMON_BLOCKS = YES;
				GCC_WARN_64_TO_32_BIT_CONVERSION = YES;
				GCC_WARN_ABOUT_RETURN_TYPE = YES_ERROR;
				GCC_WARN_UNDECLARED_SELECTOR = YES;
				GCC_WARN_UNINITIALIZED_AUTOS = YES_AGGRESSIVE;
				GCC_WARN_UNUSED_FUNCTION = YES;
				GCC_WARN_UNUSED_VARIABLE = YES;
				IPHONEOS_DEPLOYMENT_TARGET = 15.5;
				MTL_ENABLE_DEBUG_INFO = NO;
				MTL_FAST_MATH = YES;
				SDKROOT = iphoneos;
				SWIFT_COMPILATION_MODE = wholemodule;
				SWIFT_OPTIMIZATION_LEVEL = "-O";
				VALIDATE_PRODUCT = YES;
			};
			name = Release;
		};
		0D6CA4782923A31B00B4DDF1 /* Debug */ = {
			isa = XCBuildConfiguration;
			buildSettings = {
				ASSETCATALOG_COMPILER_APPICON_NAME = AppIcon;
				ASSETCATALOG_COMPILER_GLOBAL_ACCENT_COLOR_NAME = AccentColor;
				CODE_SIGN_STYLE = Automatic;
				CURRENT_PROJECT_VERSION = 1;
				GENERATE_INFOPLIST_FILE = YES;
				INFOPLIST_FILE = ejercicio12.1/Info.plist;
				INFOPLIST_KEY_UIApplicationSupportsIndirectInputEvents = YES;
				INFOPLIST_KEY_UILaunchStoryboardName = LaunchScreen;
				INFOPLIST_KEY_UIMainStoryboardFile = Main;
				INFOPLIST_KEY_UISupportedInterfaceOrientations_iPad = "UIInterfaceOrientationPortrait UIInterfaceOrientationPortraitUpsideDown UIInterfaceOrientationLandscapeLeft UIInterfaceOrientationLandscapeRight";
				INFOPLIST_KEY_UISupportedInterfaceOrientations_iPhone = "UIInterfaceOrientationPortrait UIInterfaceOrientationLandscapeLeft UIInterfaceOrientationLandscapeRight";
				LD_RUNPATH_SEARCH_PATHS = (
					"$(inherited)",
					"@executable_path/Frameworks",
				);
				MARKETING_VERSION = 1.0;
				PRODUCT_BUNDLE_IDENTIFIER = "apps2m.ejercicio12-1";
				PRODUCT_NAME = "$(TARGET_NAME)";
				SWIFT_EMIT_LOC_STRINGS = YES;
				SWIFT_VERSION = 5.0;
				TARGETED_DEVICE_FAMILY = "1,2";
			};
			name = Debug;
		};
		0D6CA4792923A31B00B4DDF1 /* Release */ = {
			isa = XCBuildConfiguration;
			buildSettings = {
				ASSETCATALOG_COMPILER_APPICON_NAME = AppIcon;
				ASSETCATALOG_COMPILER_GLOBAL_ACCENT_COLOR_NAME = AccentColor;
				CODE_SIGN_STYLE = Automatic;
				CURRENT_PROJECT_VERSION = 1;
				GENERATE_INFOPLIST_FILE = YES;
				INFOPLIST_FILE = ejercicio12.1/Info.plist;
				INFOPLIST_KEY_UIApplicationSupportsIndirectInputEvents = YES;
				INFOPLIST_KEY_UILaunchStoryboardName = LaunchScreen;
				INFOPLIST_KEY_UIMainStoryboardFile = Main;
				INFOPLIST_KEY_UISupportedInterfaceOrientations_iPad = "UIInterfaceOrientationPortrait UIInterfaceOrientationPortraitUpsideDown UIInterfaceOrientationLandscapeLeft UIInterfaceOrientationLandscapeRight";
				INFOPLIST_KEY_UISupportedInterfaceOrientations_iPhone = "UIInterfaceOrientationPortrait UIInterfaceOrientationLandscapeLeft UIInterfaceOrientationLandscapeRight";
				LD_RUNPATH_SEARCH_PATHS = (
					"$(inherited)",
					"@executable_path/Frameworks",
				);
				MARKETING_VERSION = 1.0;
				PRODUCT_BUNDLE_IDENTIFIER = "apps2m.ejercicio12-1";
				PRODUCT_NAME = "$(TARGET_NAME)";
				SWIFT_EMIT_LOC_STRINGS = YES;
				SWIFT_VERSION = 5.0;
				TARGETED_DEVICE_FAMILY = "1,2";
			};
			name = Release;
		};
/* End XCBuildConfiguration section */

/* Begin XCConfigurationList section */
		0D6CA45E2923A31A00B4DDF1 /* Build configuration list for PBXProject "ejercicio12.1" */ = {
			isa = XCConfigurationList;
			buildConfigurations = (
				0D6CA4752923A31B00B4DDF1 /* Debug */,
				0D6CA4762923A31B00B4DDF1 /* Release */,
			);
			defaultConfigurationIsVisible = 0;
			defaultConfigurationName = Release;
		};
		0D6CA4772923A31B00B4DDF1 /* Build configuration list for PBXNativeTarget "ejercicio12.1" */ = {
			isa = XCConfigurationList;
			buildConfigurations = (
				0D6CA4782923A31B00B4DDF1 /* Debug */,
				0D6CA4792923A31B00B4DDF1 /* Release */,
			);
			defaultConfigurationIsVisible = 0;
			defaultConfigurationName = Release;
		};
/* End XCConfigurationList section */
	};
	rootObject = 0D6CA45B2923A31A00B4DDF1 /* Project object */;
}
